
Microsoft Visual Studio Solution File, Format Version 12.00
# Visual Studio Version 17
VisualStudioVersion = 17.7.34009.444
MinimumVisualStudioVersion = 10.0.40219.1
Project("{FAE04EC0-301F-11D3-BF4B-00C04F79EFBC}") = "CodeConvention", "CodeConvention.csproj", "{E626A662-0688-4AAB-B145-0B7273643A87}"
EndProject
Global
	GlobalSection(SolutionConfigurationPlatforms) = preSolution
		Debug|Any CPU = Debug|Any CPU
		Release|Any CPU = Release|Any CPU
	EndGlobalSection
	GlobalSection(ProjectConfigurationPlatforms) = postSolution
		{E626A662-0688-4AAB-B145-0B7273643A87}.Debug|Any CPU.ActiveCfg = Debug|Any CPU
		{E626A662-0688-4AAB-B145-0B7273643A87}.Debug|Any CPU.Build.0 = Debug|Any CPU
		{E626A662-0688-4AAB-B145-0B7273643A87}.Release|Any CPU.ActiveCfg = Release|Any CPU
		{E626A662-0688-4AAB-B145-0B7273643A87}.Release|Any CPU.Build.0 = Release|Any CPU
	EndGlobalSection
	GlobalSection(SolutionProperties) = preSolution
		HideSolutionNode = FALSE
	EndGlobalSection
	GlobalSection(ExtensibilityGlobals) = postSolution
		SolutionGuid = {93200AC1-7555-402A-95AC-451CF305DCF9}
	EndGlobalSection
EndGlobal
