
Microsoft Visual Studio Solution File, Format Version 12.00
# Visual Studio Version 17
VisualStudioVersion = 17.7.34009.444
MinimumVisualStudioVersion = 10.0.40219.1
Project("{FAE04EC0-301F-11D3-BF4B-00C04F79EFBC}") = "TypeSystem", "TypeSystem.csproj", "{F3F27873-60D6-486C-8DFC-D5B66B972F61}"
EndProject
Global
	GlobalSection(SolutionConfigurationPlatforms) = preSolution
		Debug|Any CPU = Debug|Any CPU
		Release|Any CPU = Release|Any CPU
	EndGlobalSection
	GlobalSection(ProjectConfigurationPlatforms) = postSolution
		{F3F27873-60D6-486C-8DFC-D5B66B972F61}.Debug|Any CPU.ActiveCfg = Debug|Any CPU
		{F3F27873-60D6-486C-8DFC-D5B66B972F61}.Debug|Any CPU.Build.0 = Debug|Any CPU
		{F3F27873-60D6-486C-8DFC-D5B66B972F61}.Release|Any CPU.ActiveCfg = Release|Any CPU
		{F3F27873-60D6-486C-8DFC-D5B66B972F61}.Release|Any CPU.Build.0 = Release|Any CPU
	EndGlobalSection
	GlobalSection(SolutionProperties) = preSolution
		HideSolutionNode = FALSE
	EndGlobalSection
	GlobalSection(ExtensibilityGlobals) = postSolution
		SolutionGuid = {492E8594-ED79-49F1-8ED9-1C1EE384372D}
	EndGlobalSection
EndGlobal
